// !$*UTF8*$!
{
	archiveVersion = 1;
	classes = {
	};
	objectVersion = 48;
	objects = {

/* Begin PBXBuildFile section */
		33A2FCBA2053B1CA00630D24 /* AppDelegate.m in Sources */ = {isa = PBXBuildFile; fileRef = 33A2FCB92053B1CA00630D24 /* AppDelegate.m */; };
		33A2FCBD2053B1CA00630D24 /* HqRefreshVC.m in Sources */ = {isa = PBXBuildFile; fileRef = 33A2FCBC2053B1CA00630D24 /* HqRefreshVC.m */; };
		33A2FCC02053B1CA00630D24 /* Main.storyboard in Resources */ = {isa = PBXBuildFile; fileRef = 33A2FCBE2053B1CA00630D24 /* Main.storyboard */; };
		33A2FCC22053B1CA00630D24 /* Assets.xcassets in Resources */ = {isa = PBXBuildFile; fileRef = 33A2FCC12053B1CA00630D24 /* Assets.xcassets */; };
		33A2FCC52053B1CA00630D24 /* LaunchScreen.storyboard in Resources */ = {isa = PBXBuildFile; fileRef = 33A2FCC32053B1CA00630D24 /* LaunchScreen.storyboard */; };
		33A2FCC82053B1CA00630D24 /* main.m in Sources */ = {isa = PBXBuildFile; fileRef = 33A2FCC72053B1CA00630D24 /* main.m */; };
		33A2FCD120540A9E00630D24 /* HqRefreshBaseView.m in Sources */ = {isa = PBXBuildFile; fileRef = 33A2FCD020540A9E00630D24 /* HqRefreshBaseView.m */; };
		33A2FCD720540BF800630D24 /* UIScrollView+HqRefresh.m in Sources */ = {isa = PBXBuildFile; fileRef = 33A2FCD620540BF800630D24 /* UIScrollView+HqRefresh.m */; };
		33A2FCDA20540C8500630D24 /* HqRefreshConst.m in Sources */ = {isa = PBXBuildFile; fileRef = 33A2FCD920540C8500630D24 /* HqRefreshConst.m */; };
		33A2FCDF2054126800630D24 /* UIScrollView+MJExtension.m in Sources */ = {isa = PBXBuildFile; fileRef = 33A2FCDB2054126800630D24 /* UIScrollView+MJExtension.m */; };
		33A2FCE02054126800630D24 /* UIView+MJExtension.m in Sources */ = {isa = PBXBuildFile; fileRef = 33A2FCDE2054126800630D24 /* UIView+MJExtension.m */; };
		33A2FD4E2054F14700630D24 /* UIScrollView+MJRefresh.m in Sources */ = {isa = PBXBuildFile; fileRef = 33A2FD3F2054F14700630D24 /* UIScrollView+MJRefresh.m */; };
		33A2FD4F2054F14700630D24 /* MJRefreshConst.m in Sources */ = {isa = PBXBuildFile; fileRef = 33A2FD402054F14700630D24 /* MJRefreshConst.m */; };
		33A2FD502054F14700630D24 /* MJRefreshHeaderView.m in Sources */ = {isa = PBXBuildFile; fileRef = 33A2FD422054F14700630D24 /* MJRefreshHeaderView.m */; };
		33A2FD512054F14700630D24 /* MJRefresh.bundle in Resources */ = {isa = PBXBuildFile; fileRef = 33A2FD442054F14700630D24 /* MJRefresh.bundle */; };
		33A2FD522054F14700630D24 /* MJRefreshBaseView.m in Sources */ = {isa = PBXBuildFile; fileRef = 33A2FD462054F14700630D24 /* MJRefreshBaseView.m */; };
		33A2FD532054F14700630D24 /* UIScrollView+MJExtension.m in Sources */ = {isa = PBXBuildFile; fileRef = 33A2FD472054F14700630D24 /* UIScrollView+MJExtension.m */; };
		33A2FD542054F14700630D24 /* MJRefreshFooterView.m in Sources */ = {isa = PBXBuildFile; fileRef = 33A2FD492054F14700630D24 /* MJRefreshFooterView.m */; };
		33A2FD552054F14700630D24 /* UIView+MJExtension.m in Sources */ = {isa = PBXBuildFile; fileRef = 33A2FD4D2054F14700630D24 /* UIView+MJExtension.m */; };
		33D039342078CB6900B46E74 /* HqDownloadOperation.m in Sources */ = {isa = PBXBuildFile; fileRef = 33D039332078CB6900B46E74 /* HqDownloadOperation.m */; };
		33EE6FCD2249E15900024253 /* HqBaseRootVC.m in Sources */ = {isa = PBXBuildFile; fileRef = 33EE6FCC2249E15900024253 /* HqBaseRootVC.m */; };
		33EE6FD02249E95A00024253 /* HqBase.m in Sources */ = {isa = PBXBuildFile; fileRef = 33EE6FCF2249E95A00024253 /* HqBase.m */; };
/* End PBXBuildFile section */

/* Begin PBXFileReference section */
		33A2FCB52053B1CA00630D24 /* HqiOSBase.app */ = {isa = PBXFileReference; explicitFileType = wrapper.application; includeInIndex = 0; path = HqiOSBase.app; sourceTree = BUILT_PRODUCTS_DIR; };
		33A2FCB82053B1CA00630D24 /* AppDelegate.h */ = {isa = PBXFileReference; lastKnownFileType = sourcecode.c.h; path = AppDelegate.h; sourceTree = "<group>"; };
		33A2FCB92053B1CA00630D24 /* AppDelegate.m */ = {isa = PBXFileReference; lastKnownFileType = sourcecode.c.objc; path = AppDelegate.m; sourceTree = "<group>"; };
		33A2FCBB2053B1CA00630D24 /* HqRefreshVC.h */ = {isa = PBXFileReference; lastKnownFileType = sourcecode.c.h; path = HqRefreshVC.h; sourceTree = "<group>"; };
		33A2FCBC2053B1CA00630D24 /* HqRefreshVC.m */ = {isa = PBXFileReference; lastKnownFileType = sourcecode.c.objc; path = HqRefreshVC.m; sourceTree = "<group>"; };
		33A2FCBF2053B1CA00630D24 /* Base */ = {isa = PBXFileReference; lastKnownFileType = file.storyboard; name = Base; path = Base.lproj/Main.storyboard; sourceTree = "<group>"; };
		33A2FCC12053B1CA00630D24 /* Assets.xcassets */ = {isa = PBXFileReference; lastKnownFileType = folder.assetcatalog; path = Assets.xcassets; sourceTree = "<group>"; };
		33A2FCC42053B1CA00630D24 /* Base */ = {isa = PBXFileReference; lastKnownFileType = file.storyboard; name = Base; path = Base.lproj/LaunchScreen.storyboard; sourceTree = "<group>"; };
		33A2FCC62053B1CA00630D24 /* Info.plist */ = {isa = PBXFileReference; lastKnownFileType = text.plist.xml; path = Info.plist; sourceTree = "<group>"; };
		33A2FCC72053B1CA00630D24 /* main.m */ = {isa = PBXFileReference; lastKnownFileType = sourcecode.c.objc; path = main.m; sourceTree = "<group>"; };
		33A2FCCF20540A9E00630D24 /* HqRefreshBaseView.h */ = {isa = PBXFileReference; lastKnownFileType = sourcecode.c.h; path = HqRefreshBaseView.h; sourceTree = "<group>"; };
		33A2FCD020540A9E00630D24 /* HqRefreshBaseView.m */ = {isa = PBXFileReference; lastKnownFileType = sourcecode.c.objc; path = HqRefreshBaseView.m; sourceTree = "<group>"; };
		33A2FCD520540BF800630D24 /* UIScrollView+HqRefresh.h */ = {isa = PBXFileReference; lastKnownFileType = sourcecode.c.h; path = "UIScrollView+HqRefresh.h"; sourceTree = "<group>"; };
		33A2FCD620540BF800630D24 /* UIScrollView+HqRefresh.m */ = {isa = PBXFileReference; lastKnownFileType = sourcecode.c.objc; path = "UIScrollView+HqRefresh.m"; sourceTree = "<group>"; };
		33A2FCD820540C8500630D24 /* HqRefreshConst.h */ = {isa = PBXFileReference; lastKnownFileType = sourcecode.c.h; path = HqRefreshConst.h; sourceTree = "<group>"; };
		33A2FCD920540C8500630D24 /* HqRefreshConst.m */ = {isa = PBXFileReference; lastKnownFileType = sourcecode.c.objc; path = HqRefreshConst.m; sourceTree = "<group>"; };
		33A2FCDB2054126800630D24 /* UIScrollView+MJExtension.m */ = {isa = PBXFileReference; fileEncoding = 4; lastKnownFileType = sourcecode.c.objc; path = "UIScrollView+MJExtension.m"; sourceTree = "<group>"; };
		33A2FCDC2054126800630D24 /* UIView+MJExtension.h */ = {isa = PBXFileReference; fileEncoding = 4; lastKnownFileType = sourcecode.c.h; path = "UIView+MJExtension.h"; sourceTree = "<group>"; };
		33A2FCDD2054126800630D24 /* UIScrollView+MJExtension.h */ = {isa = PBXFileReference; fileEncoding = 4; lastKnownFileType = sourcecode.c.h; path = "UIScrollView+MJExtension.h"; sourceTree = "<group>"; };
		33A2FCDE2054126800630D24 /* UIView+MJExtension.m */ = {isa = PBXFileReference; fileEncoding = 4; lastKnownFileType = sourcecode.c.objc; path = "UIView+MJExtension.m"; sourceTree = "<group>"; };
		33A2FD3E2054F14700630D24 /* MJRefreshFooterView.h */ = {isa = PBXFileReference; fileEncoding = 4; lastKnownFileType = sourcecode.c.h; path = MJRefreshFooterView.h; sourceTree = "<group>"; };
		33A2FD3F2054F14700630D24 /* UIScrollView+MJRefresh.m */ = {isa = PBXFileReference; fileEncoding = 4; lastKnownFileType = sourcecode.c.objc; path = "UIScrollView+MJRefresh.m"; sourceTree = "<group>"; };
		33A2FD402054F14700630D24 /* MJRefreshConst.m */ = {isa = PBXFileReference; fileEncoding = 4; lastKnownFileType = sourcecode.c.objc; path = MJRefreshConst.m; sourceTree = "<group>"; };
		33A2FD412054F14700630D24 /* UIScrollView+MJExtension.h */ = {isa = PBXFileReference; fileEncoding = 4; lastKnownFileType = sourcecode.c.h; path = "UIScrollView+MJExtension.h"; sourceTree = "<group>"; };
		33A2FD422054F14700630D24 /* MJRefreshHeaderView.m */ = {isa = PBXFileReference; fileEncoding = 4; lastKnownFileType = sourcecode.c.objc; path = MJRefreshHeaderView.m; sourceTree = "<group>"; };
		33A2FD432054F14700630D24 /* MJRefresh.h */ = {isa = PBXFileReference; fileEncoding = 4; lastKnownFileType = sourcecode.c.h; path = MJRefresh.h; sourceTree = "<group>"; };
		33A2FD442054F14700630D24 /* MJRefresh.bundle */ = {isa = PBXFileReference; lastKnownFileType = "wrapper.plug-in"; path = MJRefresh.bundle; sourceTree = "<group>"; };
		33A2FD452054F14700630D24 /* UIView+MJExtension.h */ = {isa = PBXFileReference; fileEncoding = 4; lastKnownFileType = sourcecode.c.h; path = "UIView+MJExtension.h"; sourceTree = "<group>"; };
		33A2FD462054F14700630D24 /* MJRefreshBaseView.m */ = {isa = PBXFileReference; fileEncoding = 4; lastKnownFileType = sourcecode.c.objc; path = MJRefreshBaseView.m; sourceTree = "<group>"; };
		33A2FD472054F14700630D24 /* UIScrollView+MJExtension.m */ = {isa = PBXFileReference; fileEncoding = 4; lastKnownFileType = sourcecode.c.objc; path = "UIScrollView+MJExtension.m"; sourceTree = "<group>"; };
		33A2FD482054F14700630D24 /* MJRefreshConst.h */ = {isa = PBXFileReference; fileEncoding = 4; lastKnownFileType = sourcecode.c.h; path = MJRefreshConst.h; sourceTree = "<group>"; };
		33A2FD492054F14700630D24 /* MJRefreshFooterView.m */ = {isa = PBXFileReference; fileEncoding = 4; lastKnownFileType = sourcecode.c.objc; path = MJRefreshFooterView.m; sourceTree = "<group>"; };
		33A2FD4A2054F14700630D24 /* UIScrollView+MJRefresh.h */ = {isa = PBXFileReference; fileEncoding = 4; lastKnownFileType = sourcecode.c.h; path = "UIScrollView+MJRefresh.h"; sourceTree = "<group>"; };
		33A2FD4B2054F14700630D24 /* MJRefreshHeaderView.h */ = {isa = PBXFileReference; fileEncoding = 4; lastKnownFileType = sourcecode.c.h; path = MJRefreshHeaderView.h; sourceTree = "<group>"; };
		33A2FD4C2054F14700630D24 /* MJRefreshBaseView.h */ = {isa = PBXFileReference; fileEncoding = 4; lastKnownFileType = sourcecode.c.h; path = MJRefreshBaseView.h; sourceTree = "<group>"; };
		33A2FD4D2054F14700630D24 /* UIView+MJExtension.m */ = {isa = PBXFileReference; fileEncoding = 4; lastKnownFileType = sourcecode.c.objc; path = "UIView+MJExtension.m"; sourceTree = "<group>"; };
		33D039322078CB6900B46E74 /* HqDownloadOperation.h */ = {isa = PBXFileReference; lastKnownFileType = sourcecode.c.h; path = HqDownloadOperation.h; sourceTree = "<group>"; };
		33D039332078CB6900B46E74 /* HqDownloadOperation.m */ = {isa = PBXFileReference; lastKnownFileType = sourcecode.c.objc; path = HqDownloadOperation.m; sourceTree = "<group>"; };
		33EE6FCB2249E15900024253 /* HqBaseRootVC.h */ = {isa = PBXFileReference; lastKnownFileType = sourcecode.c.h; path = HqBaseRootVC.h; sourceTree = "<group>"; };
		33EE6FCC2249E15900024253 /* HqBaseRootVC.m */ = {isa = PBXFileReference; lastKnownFileType = sourcecode.c.objc; path = HqBaseRootVC.m; sourceTree = "<group>"; };
		33EE6FCE2249E95A00024253 /* HqBase.h */ = {isa = PBXFileReference; lastKnownFileType = sourcecode.c.h; path = HqBase.h; sourceTree = "<group>"; };
		33EE6FCF2249E95A00024253 /* HqBase.m */ = {isa = PBXFileReference; lastKnownFileType = sourcecode.c.objc; path = HqBase.m; sourceTree = "<group>"; };
		33EE6FD22249E9C300024253 /* HqiOSBase.pch */ = {isa = PBXFileReference; lastKnownFileType = sourcecode.c.h; path = HqiOSBase.pch; sourceTree = "<group>"; };
/* End PBXFileReference section */

/* Begin PBXFrameworksBuildPhase section */
		33A2FCB22053B1CA00630D24 /* Frameworks */ = {
			isa = PBXFrameworksBuildPhase;
			buildActionMask = 2147483647;
			files = (
			);
			runOnlyForDeploymentPostprocessing = 0;
		};
/* End PBXFrameworksBuildPhase section */

/* Begin PBXGroup section */
		33A2FCAC2053B1CA00630D24 = {
			isa = PBXGroup;
			children = (
				33A2FCB72053B1CA00630D24 /* HqiOSBase */,
				33A2FCB62053B1CA00630D24 /* Products */,
			);
			sourceTree = "<group>";
		};
		33A2FCB62053B1CA00630D24 /* Products */ = {
			isa = PBXGroup;
			children = (
				33A2FCB52053B1CA00630D24 /* HqiOSBase.app */,
			);
			name = Products;
			sourceTree = "<group>";
		};
		33A2FCB72053B1CA00630D24 /* HqiOSBase */ = {
			isa = PBXGroup;
			children = (
				33EE6FD12249E99C00024253 /* HqBase */,
				33A2FD3D2054F14700630D24 /* MJRefresh0.0.1 */,
				33A2FCCE20540A5F00630D24 /* HQRefresh */,
				33A2FCB82053B1CA00630D24 /* AppDelegate.h */,
				33A2FCB92053B1CA00630D24 /* AppDelegate.m */,
				33D039322078CB6900B46E74 /* HqDownloadOperation.h */,
				33D039332078CB6900B46E74 /* HqDownloadOperation.m */,
				33A2FCBB2053B1CA00630D24 /* HqRefreshVC.h */,
				33A2FCBC2053B1CA00630D24 /* HqRefreshVC.m */,
				33EE6FCB2249E15900024253 /* HqBaseRootVC.h */,
				33EE6FCC2249E15900024253 /* HqBaseRootVC.m */,
				33EE6FD22249E9C300024253 /* HqiOSBase.pch */,
				33A2FCBE2053B1CA00630D24 /* Main.storyboard */,
				33A2FCC12053B1CA00630D24 /* Assets.xcassets */,
				33A2FCC32053B1CA00630D24 /* LaunchScreen.storyboard */,
				33A2FCC62053B1CA00630D24 /* Info.plist */,
				33A2FCC72053B1CA00630D24 /* main.m */,
			);
			path = HqiOSBase;
			sourceTree = "<group>";
		};
		33A2FCCE20540A5F00630D24 /* HQRefresh */ = {
			isa = PBXGroup;
			children = (
				33A2FCDD2054126800630D24 /* UIScrollView+MJExtension.h */,
				33A2FCDB2054126800630D24 /* UIScrollView+MJExtension.m */,
				33A2FCDC2054126800630D24 /* UIView+MJExtension.h */,
				33A2FCDE2054126800630D24 /* UIView+MJExtension.m */,
				33A2FCCF20540A9E00630D24 /* HqRefreshBaseView.h */,
				33A2FCD020540A9E00630D24 /* HqRefreshBaseView.m */,
				33A2FCD520540BF800630D24 /* UIScrollView+HqRefresh.h */,
				33A2FCD620540BF800630D24 /* UIScrollView+HqRefresh.m */,
				33A2FCD820540C8500630D24 /* HqRefreshConst.h */,
				33A2FCD920540C8500630D24 /* HqRefreshConst.m */,
			);
			path = HQRefresh;
			sourceTree = "<group>";
		};
		33A2FD3D2054F14700630D24 /* MJRefresh0.0.1 */ = {
			isa = PBXGroup;
			children = (
				33A2FD442054F14700630D24 /* MJRefresh.bundle */,
				33A2FD432054F14700630D24 /* MJRefresh.h */,
				33A2FD4C2054F14700630D24 /* MJRefreshBaseView.h */,
				33A2FD462054F14700630D24 /* MJRefreshBaseView.m */,
				33A2FD482054F14700630D24 /* MJRefreshConst.h */,
				33A2FD402054F14700630D24 /* MJRefreshConst.m */,
				33A2FD3E2054F14700630D24 /* MJRefreshFooterView.h */,
				33A2FD492054F14700630D24 /* MJRefreshFooterView.m */,
				33A2FD4B2054F14700630D24 /* MJRefreshHeaderView.h */,
				33A2FD422054F14700630D24 /* MJRefreshHeaderView.m */,
				33A2FD412054F14700630D24 /* UIScrollView+MJExtension.h */,
				33A2FD472054F14700630D24 /* UIScrollView+MJExtension.m */,
				33A2FD4A2054F14700630D24 /* UIScrollView+MJRefresh.h */,
				33A2FD3F2054F14700630D24 /* UIScrollView+MJRefresh.m */,
				33A2FD452054F14700630D24 /* UIView+MJExtension.h */,
				33A2FD4D2054F14700630D24 /* UIView+MJExtension.m */,
			);
			path = MJRefresh0.0.1;
			sourceTree = "<group>";
		};
		33EE6FD12249E99C00024253 /* HqBase */ = {
			isa = PBXGroup;
			children = (
				33EE6FCE2249E95A00024253 /* HqBase.h */,
				33EE6FCF2249E95A00024253 /* HqBase.m */,
			);
			path = HqBase;
			sourceTree = "<group>";
		};
/* End PBXGroup section */

/* Begin PBXNativeTarget section */
		33A2FCB42053B1CA00630D24 /* HqiOSBase */ = {
			isa = PBXNativeTarget;
			buildConfigurationList = 33A2FCCB2053B1CA00630D24 /* Build configuration list for PBXNativeTarget "HqiOSBase" */;
			buildPhases = (
				33A2FCB12053B1CA00630D24 /* Sources */,
				33A2FCB22053B1CA00630D24 /* Frameworks */,
				33A2FCB32053B1CA00630D24 /* Resources */,
			);
			buildRules = (
			);
			dependencies = (
			);
			name = HqiOSBase;
			productName = HqiOSBase;
			productReference = 33A2FCB52053B1CA00630D24 /* HqiOSBase.app */;
			productType = "com.apple.product-type.application";
		};
/* End PBXNativeTarget section */

/* Begin PBXProject section */
		33A2FCAD2053B1CA00630D24 /* Project object */ = {
			isa = PBXProject;
			attributes = {
				LastUpgradeCheck = 0920;
				ORGANIZATIONNAME = hehuiqi;
				TargetAttributes = {
					33A2FCB42053B1CA00630D24 = {
						CreatedOnToolsVersion = 9.2;
						ProvisioningStyle = Automatic;
					};
				};
			};
			buildConfigurationList = 33A2FCB02053B1CA00630D24 /* Build configuration list for PBXProject "HqiOSBase" */;
			compatibilityVersion = "Xcode 8.0";
			developmentRegion = en;
			hasScannedForEncodings = 0;
			knownRegions = (
				en,
				Base,
			);
			mainGroup = 33A2FCAC2053B1CA00630D24;
			productRefGroup = 33A2FCB62053B1CA00630D24 /* Products */;
			projectDirPath = "";
			projectRoot = "";
			targets = (
				33A2FCB42053B1CA00630D24 /* HqiOSBase */,
			);
		};
/* End PBXProject section */

/* Begin PBXResourcesBuildPhase section */
		33A2FCB32053B1CA00630D24 /* Resources */ = {
			isa = PBXResourcesBuildPhase;
			buildActionMask = 2147483647;
			files = (
				33A2FCC52053B1CA00630D24 /* LaunchScreen.storyboard in Resources */,
				33A2FCC22053B1CA00630D24 /* Assets.xcassets in Resources */,
				33A2FD512054F14700630D24 /* MJRefresh.bundle in Resources */,
				33A2FCC02053B1CA00630D24 /* Main.storyboard in Resources */,
			);
			runOnlyForDeploymentPostprocessing = 0;
		};
/* End PBXResourcesBuildPhase section */

/* Begin PBXSourcesBuildPhase section */
		33A2FCB12053B1CA00630D24 /* Sources */ = {
			isa = PBXSourcesBuildPhase;
			buildActionMask = 2147483647;
			files = (
				33A2FCD120540A9E00630D24 /* HqRefreshBaseView.m in Sources */,
				33A2FD552054F14700630D24 /* UIView+MJExtension.m in Sources */,
				33D039342078CB6900B46E74 /* HqDownloadOperation.m in Sources */,
				33A2FD532054F14700630D24 /* UIScrollView+MJExtension.m in Sources */,
				33A2FCBD2053B1CA00630D24 /* HqRefreshVC.m in Sources */,
				33A2FD502054F14700630D24 /* MJRefreshHeaderView.m in Sources */,
				33A2FCDF2054126800630D24 /* UIScrollView+MJExtension.m in Sources */,
				33A2FCC82053B1CA00630D24 /* main.m in Sources */,
				33A2FD542054F14700630D24 /* MJRefreshFooterView.m in Sources */,
				33A2FD4F2054F14700630D24 /* MJRefreshConst.m in Sources */,
				33A2FD522054F14700630D24 /* MJRefreshBaseView.m in Sources */,
				33A2FCD720540BF800630D24 /* UIScrollView+HqRefresh.m in Sources */,
				33A2FD4E2054F14700630D24 /* UIScrollView+MJRefresh.m in Sources */,
				33EE6FD02249E95A00024253 /* HqBase.m in Sources */,
				33A2FCDA20540C8500630D24 /* HqRefreshConst.m in Sources */,
				33EE6FCD2249E15900024253 /* HqBaseRootVC.m in Sources */,
				33A2FCBA2053B1CA00630D24 /* AppDelegate.m in Sources */,
				33A2FCE02054126800630D24 /* UIView+MJExtension.m in Sources */,
			);
			runOnlyForDeploymentPostprocessing = 0;
		};
/* End PBXSourcesBuildPhase section */

/* Begin PBXVariantGroup section */
		33A2FCBE2053B1CA00630D24 /* Main.storyboard */ = {
			isa = PBXVariantGroup;
			children = (
				33A2FCBF2053B1CA00630D24 /* Base */,
			);
			name = Main.storyboard;
			sourceTree = "<group>";
		};
		33A2FCC32053B1CA00630D24 /* LaunchScreen.storyboard */ = {
			isa = PBXVariantGroup;
			children = (
				33A2FCC42053B1CA00630D24 /* Base */,
			);
			name = LaunchScreen.storyboard;
			sourceTree = "<group>";
		};
/* End PBXVariantGroup section */

/* Begin XCBuildConfiguration section */
		33A2FCC92053B1CA00630D24 /* Debug */ = {
			isa = XCBuildConfiguration;
			buildSettings = {
				ALWAYS_SEARCH_USER_PATHS = NO;
				CLANG_ANALYZER_NONNULL = YES;
				CLANG_ANALYZER_NUMBER_OBJECT_CONVERSION = YES_AGGRESSIVE;
				CLANG_CXX_LANGUAGE_STANDARD = "gnu++14";
				CLANG_CXX_LIBRARY = "libc++";
				CLANG_ENABLE_MODULES = YES;
				CLANG_ENABLE_OBJC_ARC = YES;
				CLANG_WARN_BLOCK_CAPTURE_AUTORELEASING = YES;
				CLANG_WARN_BOOL_CONVERSION = YES;
				CLANG_WARN_COMMA = YES;
				CLANG_WARN_CONSTANT_CONVERSION = YES;
				CLANG_WARN_DIRECT_OBJC_ISA_USAGE = YES_ERROR;
				CLANG_WARN_DOCUMENTATION_COMMENTS = YES;
				CLANG_WARN_EMPTY_BODY = YES;
				CLANG_WARN_ENUM_CONVERSION = YES;
				CLANG_WARN_INFINITE_RECURSION = YES;
				CLANG_WARN_INT_CONVERSION = YES;
				CLANG_WARN_NON_LITERAL_NULL_CONVERSION = YES;
				CLANG_WARN_OBJC_LITERAL_CONVERSION = YES;
				CLANG_WARN_OBJC_ROOT_CLASS = YES_ERROR;
				CLANG_WARN_RANGE_LOOP_ANALYSIS = YES;
				CLANG_WARN_STRICT_PROTOTYPES = YES;
				CLANG_WARN_SUSPICIOUS_MOVE = YES;
				CLANG_WARN_UNGUARDED_AVAILABILITY = YES_AGGRESSIVE;
				CLANG_WARN_UNREACHABLE_CODE = YES;
				CLANG_WARN__DUPLICATE_METHOD_MATCH = YES;
				CODE_SIGN_IDENTITY = "iPhone Developer";
				COPY_PHASE_STRIP = NO;
				DEBUG_INFORMATION_FORMAT = dwarf;
				ENABLE_STRICT_OBJC_MSGSEND = YES;
				ENABLE_TESTABILITY = YES;
				GCC_C_LANGUAGE_STANDARD = gnu11;
				GCC_DYNAMIC_NO_PIC = NO;
				GCC_NO_COMMON_BLOCKS = YES;
				GCC_OPTIMIZATION_LEVEL = 0;
				GCC_PREPROCESSOR_DEFINITIONS = (
					"DEBUG=1",
					"$(inherited)",
				);
				GCC_WARN_64_TO_32_BIT_CONVERSION = YES;
				GCC_WARN_ABOUT_RETURN_TYPE = YES_ERROR;
				GCC_WARN_UNDECLARED_SELECTOR = YES;
				GCC_WARN_UNINITIALIZED_AUTOS = YES_AGGRESSIVE;
				GCC_WARN_UNUSED_FUNCTION = YES;
				GCC_WARN_UNUSED_VARIABLE = YES;
				IPHONEOS_DEPLOYMENT_TARGET = 11.2;
				MTL_ENABLE_DEBUG_INFO = YES;
				ONLY_ACTIVE_ARCH = YES;
				SDKROOT = iphoneos;
			};
			name = Debug;
		};
		33A2FCCA2053B1CA00630D24 /* Release */ = {
			isa = XCBuildConfiguration;
			buildSettings = {
				ALWAYS_SEARCH_USER_PATHS = NO;
				CLANG_ANALYZER_NONNULL = YES;
				CLANG_ANALYZER_NUMBER_OBJECT_CONVERSION = YES_AGGRESSIVE;
				CLANG_CXX_LANGUAGE_STANDARD = "gnu++14";
				CLANG_CXX_LIBRARY = "libc++";
				CLANG_ENABLE_MODULES = YES;
				CLANG_ENABLE_OBJC_ARC = YES;
				CLANG_WARN_BLOCK_CAPTURE_AUTORELEASING = YES;
				CLANG_WARN_BOOL_CONVERSION = YES;
				CLANG_WARN_COMMA = YES;
				CLANG_WARN_CONSTANT_CONVERSION = YES;
				CLANG_WARN_DIRECT_OBJC_ISA_USAGE = YES_ERROR;
				CLANG_WARN_DOCUMENTATION_COMMENTS = YES;
				CLANG_WARN_EMPTY_BODY = YES;
				CLANG_WARN_ENUM_CONVERSION = YES;
				CLANG_WARN_INFINITE_RECURSION = YES;
				CLANG_WARN_INT_CONVERSION = YES;
				CLANG_WARN_NON_LITERAL_NULL_CONVERSION = YES;
				CLANG_WARN_OBJC_LITERAL_CONVERSION = YES;
				CLANG_WARN_OBJC_ROOT_CLASS = YES_ERROR;
				CLANG_WARN_RANGE_LOOP_ANALYSIS = YES;
				CLANG_WARN_STRICT_PROTOTYPES = YES;
				CLANG_WARN_SUSPICIOUS_MOVE = YES;
				CLANG_WARN_UNGUARDED_AVAILABILITY = YES_AGGRESSIVE;
				CLANG_WARN_UNREACHABLE_CODE = YES;
				CLANG_WARN__DUPLICATE_METHOD_MATCH = YES;
				CODE_SIGN_IDENTITY = "iPhone Developer";
				COPY_PHASE_STRIP = NO;
				DEBUG_INFORMATION_FORMAT = "dwarf-with-dsym";
				ENABLE_NS_ASSERTIONS = NO;
				ENABLE_STRICT_OBJC_MSGSEND = YES;
				GCC_C_LANGUAGE_STANDARD = gnu11;
				GCC_NO_COMMON_BLOCKS = YES;
				GCC_WARN_64_TO_32_BIT_CONVERSION = YES;
				GCC_WARN_ABOUT_RETURN_TYPE = YES_ERROR;
				GCC_WARN_UNDECLARED_SELECTOR = YES;
				GCC_WARN_UNINITIALIZED_AUTOS = YES_AGGRESSIVE;
				GCC_WARN_UNUSED_FUNCTION = YES;
				GCC_WARN_UNUSED_VARIABLE = YES;
				IPHONEOS_DEPLOYMENT_TARGET = 11.2;
				MTL_ENABLE_DEBUG_INFO = NO;
				SDKROOT = iphoneos;
				VALIDATE_PRODUCT = YES;
			};
			name = Release;
		};
		33A2FCCC2053B1CA00630D24 /* Debug */ = {
			isa = XCBuildConfiguration;
			buildSettings = {
				ASSETCATALOG_COMPILER_APPICON_NAME = AppIcon;
				CODE_SIGN_STYLE = Automatic;
				DEVELOPMENT_TEAM = 34AC3PEMF7;
				ENABLE_STRICT_OBJC_MSGSEND = NO;
				GCC_PRECOMPILE_PREFIX_HEADER = YES;
				GCC_PREFIX_HEADER = HqiOSBase/HqiOSBase.pch;
				INFOPLIST_FILE = HqiOSBase/Info.plist;
				IPHONEOS_DEPLOYMENT_TARGET = 8.0;
				LD_RUNPATH_SEARCH_PATHS = "$(inherited) @executable_path/Frameworks";
				PRODUCT_BUNDLE_IDENTIFIER = com.hhq.HqiOSBase;
				PRODUCT_NAME = "$(TARGET_NAME)";
				TARGETED_DEVICE_FAMILY = "1,2";
			};
			name = Debug;
		};
		33A2FCCD2053B1CA00630D24 /* Release */ = {
			isa = XCBuildConfiguration;
			buildSettings = {
				ASSETCATALOG_COMPILER_APPICON_NAME = AppIcon;
				CODE_SIGN_STYLE = Automatic;
				DEVELOPMENT_TEAM = 34AC3PEMF7;
				ENABLE_STRICT_OBJC_MSGSEND = NO;
				GCC_PRECOMPILE_PREFIX_HEADER = YES;
				GCC_PREFIX_HEADER = HqiOSBase/HqiOSBase.pch;
				INFOPLIST_FILE = HqiOSBase/Info.plist;
				IPHONEOS_DEPLOYMENT_TARGET = 8.0;
				LD_RUNPATH_SEARCH_PATHS = "$(inherited) @executable_path/Frameworks";
				PRODUCT_BUNDLE_IDENTIFIER = com.hhq.HqiOSBase;
				PRODUCT_NAME = "$(TARGET_NAME)";
				TARGETED_DEVICE_FAMILY = "1,2";
			};
			name = Release;
		};
		33EE6FD32249EDC700024253 /* Qa */ = {
			isa = XCBuildConfiguration;
			buildSettings = {
				ALWAYS_SEARCH_USER_PATHS = NO;
				CLANG_ANALYZER_NONNULL = YES;
				CLANG_ANALYZER_NUMBER_OBJECT_CONVERSION = YES_AGGRESSIVE;
				CLANG_CXX_LANGUAGE_STANDARD = "gnu++14";
				CLANG_CXX_LIBRARY = "libc++";
				CLANG_ENABLE_MODULES = YES;
				CLANG_ENABLE_OBJC_ARC = YES;
				CLANG_WARN_BLOCK_CAPTURE_AUTORELEASING = YES;
				CLANG_WARN_BOOL_CONVERSION = YES;
				CLANG_WARN_COMMA = YES;
				CLANG_WARN_CONSTANT_CONVERSION = YES;
				CLANG_WARN_DIRECT_OBJC_ISA_USAGE = YES_ERROR;
				CLANG_WARN_DOCUMENTATION_COMMENTS = YES;
				CLANG_WARN_EMPTY_BODY = YES;
				CLANG_WARN_ENUM_CONVERSION = YES;
				CLANG_WARN_INFINITE_RECURSION = YES;
				CLANG_WARN_INT_CONVERSION = YES;
				CLANG_WARN_NON_LITERAL_NULL_CONVERSION = YES;
				CLANG_WARN_OBJC_LITERAL_CONVERSION = YES;
				CLANG_WARN_OBJC_ROOT_CLASS = YES_ERROR;
				CLANG_WARN_RANGE_LOOP_ANALYSIS = YES;
				CLANG_WARN_STRICT_PROTOTYPES = YES;
				CLANG_WARN_SUSPICIOUS_MOVE = YES;
				CLANG_WARN_UNGUARDED_AVAILABILITY = YES_AGGRESSIVE;
				CLANG_WARN_UNREACHABLE_CODE = YES;
				CLANG_WARN__DUPLICATE_METHOD_MATCH = YES;
				CODE_SIGN_IDENTITY = "iPhone Developer";
				COPY_PHASE_STRIP = NO;
				DEBUG_INFORMATION_FORMAT = dwarf;
				ENABLE_STRICT_OBJC_MSGSEND = YES;
				ENABLE_TESTABILITY = YES;
				GCC_C_LANGUAGE_STANDARD = gnu11;
				GCC_DYNAMIC_NO_PIC = NO;
				GCC_NO_COMMON_BLOCKS = YES;
				GCC_OPTIMIZATION_LEVEL = 0;
				GCC_PREPROCESSOR_DEFINITIONS = (
					"Qa=1",
					"$(inherited)",
				);
				GCC_WARN_64_TO_32_BIT_CONVERSION = YES;
				GCC_WARN_ABOUT_RETURN_TYPE = YES_ERROR;
				GCC_WARN_UNDECLARED_SELECTOR = YES;
				GCC_WARN_UNINITIALIZED_AUTOS = YES_AGGRESSIVE;
				GCC_WARN_UNUSED_FUNCTION = YES;
				GCC_WARN_UNUSED_VARIABLE = YES;
				IPHONEOS_DEPLOYMENT_TARGET = 11.2;
				MTL_ENABLE_DEBUG_INFO = YES;
				ONLY_ACTIVE_ARCH = YES;
				SDKROOT = iphoneos;
			};
			name = Qa;
		};
		33EE6FD42249EDC700024253 /* Qa */ = {
			isa = XCBuildConfiguration;
			buildSettings = {
				ASSETCATALOG_COMPILER_APPICON_NAME = AppIcon;
				CODE_SIGN_STYLE = Automatic;
				DEVELOPMENT_TEAM = 34AC3PEMF7;
				ENABLE_STRICT_OBJC_MSGSEND = NO;
				GCC_PRECOMPILE_PREFIX_HEADER = YES;
				GCC_PREFIX_HEADER = HqiOSBase/HqiOSBase.pch;
				INFOPLIST_FILE = HqiOSBase/Info.plist;
				IPHONEOS_DEPLOYMENT_TARGET = 8.0;
				LD_RUNPATH_SEARCH_PATHS = "$(inherited) @executable_path/Frameworks";
				PRODUCT_BUNDLE_IDENTIFIER = com.hhq.HqiOSBase;
				PRODUCT_NAME = "$(TARGET_NAME)";
				TARGETED_DEVICE_FAMILY = "1,2";
			};
			name = Qa;
		};
/* End XCBuildConfiguration section */

/* Begin XCConfigurationList section */
		33A2FCB02053B1CA00630D24 /* Build configuration list for PBXProject "HqiOSBase" */ = {
			isa = XCConfigurationList;
			buildConfigurations = (
				33A2FCC92053B1CA00630D24 /* Debug */,
				33EE6FD32249EDC700024253 /* Qa */,
				33A2FCCA2053B1CA00630D24 /* Release */,
			);
			defaultConfigurationIsVisible = 0;
			defaultConfigurationName = Release;
		};
		33A2FCCB2053B1CA00630D24 /* Build configuration list for PBXNativeTarget "HqiOSBase" */ = {
			isa = XCConfigurationList;
			buildConfigurations = (
				33A2FCCC2053B1CA00630D24 /* Debug */,
				33EE6FD42249EDC700024253 /* Qa */,
				33A2FCCD2053B1CA00630D24 /* Release */,
			);
			defaultConfigurationIsVisible = 0;
			defaultConfigurationName = Release;
		};
/* End XCConfigurationList section */
	};
	rootObject = 33A2FCAD2053B1CA00630D24 /* Project object */;
}
